
Microsoft Visual Studio Solution File, Format Version 12.00
# Visual Studio Version 16
VisualStudioVersion = 16.0.32126.315
MinimumVisualStudioVersion = 10.0.40219.1
Project("{FAE04EC0-301F-11D3-BF4B-00C04F79EFBC}") = "StarlessNightMod", "StarlessNightMod\StarlessNightMod.csproj", "{9A32BC15-F512-4252-8438-B034E64D11F8}"
EndProject
Global
	GlobalSection(SolutionConfigurationPlatforms) = preSolution
		Debug|Any CPU = Debug|Any CPU
		Release|Any CPU = Release|Any CPU
	EndGlobalSection
	GlobalSection(ProjectConfigurationPlatforms) = postSolution
		{9A32BC15-F512-4252-8438-B034E64D11F8}.Debug|Any CPU.ActiveCfg = Debug|Any CPU
		{9A32BC15-F512-4252-8438-B034E64D11F8}.Debug|Any CPU.Build.0 = Debug|Any CPU
		{9A32BC15-F512-4252-8438-B034E64D11F8}.Release|Any CPU.ActiveCfg = Release|Any CPU
		{9A32BC15-F512-4252-8438-B034E64D11F8}.Release|Any CPU.Build.0 = Release|Any CPU
	EndGlobalSection
	GlobalSection(SolutionProperties) = preSolution
		HideSolutionNode = FALSE
	EndGlobalSection
	GlobalSection(ExtensibilityGlobals) = postSolution
		SolutionGuid = {6C2A1DF2-33F2-44D0-8902-21EAC4AB7469}
	EndGlobalSection
EndGlobal
